// !$*UTF8*$!
{
	archiveVersion = 1;
	classes = {
	};
	objectVersion = 55;
	objects = {

/* Begin PBXBuildFile section */
		F771FD322831D0DD0069CECA /* AdditionQuestion.m in Sources */ = {isa = PBXBuildFile; fileRef = F771FD312831D0DD0069CECA /* AdditionQuestion.m */; };
		F771FD352831D0F30069CECA /* SubtractionQuestion.m in Sources */ = {isa = PBXBuildFile; fileRef = F771FD342831D0F30069CECA /* SubtractionQuestion.m */; };
		F771FD382831DE090069CECA /* DivisionQuestion.m in Sources */ = {isa = PBXBuildFile; fileRef = F771FD372831DE090069CECA /* DivisionQuestion.m */; };
		F771FD3B2831DED30069CECA /* MultiplicationQuestion.m in Sources */ = {isa = PBXBuildFile; fileRef = F771FD3A2831DED30069CECA /* MultiplicationQuestion.m */; };
		F78781FA282CA8EF00490C8A /* main.m in Sources */ = {isa = PBXBuildFile; fileRef = F78781F9282CA8EF00490C8A /* main.m */; };
		F7878202282CC5A700490C8A /* Question.m in Sources */ = {isa = PBXBuildFile; fileRef = F7878201282CC5A700490C8A /* Question.m */; };
		F7878208282D80F600490C8A /* ScoreKeeper.m in Sources */ = {isa = PBXBuildFile; fileRef = F7878207282D80F600490C8A /* ScoreKeeper.m */; };
		F787820B282DD51900490C8A /* InputHandler.m in Sources */ = {isa = PBXBuildFile; fileRef = F787820A282DD51900490C8A /* InputHandler.m */; };
		F787820E28316E5C00490C8A /* QuestionManager.m in Sources */ = {isa = PBXBuildFile; fileRef = F787820D28316E5C00490C8A /* QuestionManager.m */; };
/* End PBXBuildFile section */

/* Begin PBXCopyFilesBuildPhase section */
		F78781F4282CA8EF00490C8A /* CopyFiles */ = {
			isa = PBXCopyFilesBuildPhase;
			buildActionMask = 2147483647;
			dstPath = /usr/share/man/man1/;
			dstSubfolderSpec = 0;
			files = (
			);
			runOnlyForDeploymentPostprocessing = 1;
		};
/* End PBXCopyFilesBuildPhase section */

/* Begin PBXFileReference section */
		F771FD302831D0DD0069CECA /* AdditionQuestion.h */ = {isa = PBXFileReference; lastKnownFileType = sourcecode.c.h; path = AdditionQuestion.h; sourceTree = "<group>"; };
		F771FD312831D0DD0069CECA /* AdditionQuestion.m */ = {isa = PBXFileReference; lastKnownFileType = sourcecode.c.objc; path = AdditionQuestion.m; sourceTree = "<group>"; };
		F771FD332831D0F30069CECA /* SubtractionQuestion.h */ = {isa = PBXFileReference; lastKnownFileType = sourcecode.c.h; path = SubtractionQuestion.h; sourceTree = "<group>"; };
		F771FD342831D0F30069CECA /* SubtractionQuestion.m */ = {isa = PBXFileReference; lastKnownFileType = sourcecode.c.objc; path = SubtractionQuestion.m; sourceTree = "<group>"; };
		F771FD362831DE090069CECA /* DivisionQuestion.h */ = {isa = PBXFileReference; lastKnownFileType = sourcecode.c.h; path = DivisionQuestion.h; sourceTree = "<group>"; };
		F771FD372831DE090069CECA /* DivisionQuestion.m */ = {isa = PBXFileReference; lastKnownFileType = sourcecode.c.objc; path = DivisionQuestion.m; sourceTree = "<group>"; };
		F771FD392831DED30069CECA /* MultiplicationQuestion.h */ = {isa = PBXFileReference; lastKnownFileType = sourcecode.c.h; path = MultiplicationQuestion.h; sourceTree = "<group>"; };
		F771FD3A2831DED30069CECA /* MultiplicationQuestion.m */ = {isa = PBXFileReference; lastKnownFileType = sourcecode.c.objc; path = MultiplicationQuestion.m; sourceTree = "<group>"; };
		F78781F6282CA8EF00490C8A /* Maths */ = {isa = PBXFileReference; explicitFileType = "compiled.mach-o.executable"; includeInIndex = 0; path = Maths; sourceTree = BUILT_PRODUCTS_DIR; };
		F78781F9282CA8EF00490C8A /* main.m */ = {isa = PBXFileReference; lastKnownFileType = sourcecode.c.objc; path = main.m; sourceTree = "<group>"; };
		F7878200282CC5A700490C8A /* Question.h */ = {isa = PBXFileReference; lastKnownFileType = sourcecode.c.h; path = Question.h; sourceTree = "<group>"; };
		F7878201282CC5A700490C8A /* Question.m */ = {isa = PBXFileReference; lastKnownFileType = sourcecode.c.objc; path = Question.m; sourceTree = "<group>"; };
		F7878206282D80F600490C8A /* ScoreKeeper.h */ = {isa = PBXFileReference; lastKnownFileType = sourcecode.c.h; path = ScoreKeeper.h; sourceTree = "<group>"; };
		F7878207282D80F600490C8A /* ScoreKeeper.m */ = {isa = PBXFileReference; lastKnownFileType = sourcecode.c.objc; path = ScoreKeeper.m; sourceTree = "<group>"; };
		F7878209282DD51900490C8A /* InputHandler.h */ = {isa = PBXFileReference; lastKnownFileType = sourcecode.c.h; path = InputHandler.h; sourceTree = "<group>"; };
		F787820A282DD51900490C8A /* InputHandler.m */ = {isa = PBXFileReference; lastKnownFileType = sourcecode.c.objc; path = InputHandler.m; sourceTree = "<group>"; };
		F787820C28316E5C00490C8A /* QuestionManager.h */ = {isa = PBXFileReference; lastKnownFileType = sourcecode.c.h; path = QuestionManager.h; sourceTree = "<group>"; };
		F787820D28316E5C00490C8A /* QuestionManager.m */ = {isa = PBXFileReference; lastKnownFileType = sourcecode.c.objc; path = QuestionManager.m; sourceTree = "<group>"; };
/* End PBXFileReference section */

/* Begin PBXFrameworksBuildPhase section */
		F78781F3282CA8EF00490C8A /* Frameworks */ = {
			isa = PBXFrameworksBuildPhase;
			buildActionMask = 2147483647;
			files = (
			);
			runOnlyForDeploymentPostprocessing = 0;
		};
/* End PBXFrameworksBuildPhase section */

/* Begin PBXGroup section */
		F78781ED282CA8EF00490C8A = {
			isa = PBXGroup;
			children = (
				F78781F8282CA8EF00490C8A /* Maths */,
				F78781F7282CA8EF00490C8A /* Products */,
			);
			sourceTree = "<group>";
		};
		F78781F7282CA8EF00490C8A /* Products */ = {
			isa = PBXGroup;
			children = (
				F78781F6282CA8EF00490C8A /* Maths */,
			);
			name = Products;
			sourceTree = "<group>";
		};
		F78781F8282CA8EF00490C8A /* Maths */ = {
			isa = PBXGroup;
			children = (
				F78781F9282CA8EF00490C8A /* main.m */,
				F7878209282DD51900490C8A /* InputHandler.h */,
				F787820A282DD51900490C8A /* InputHandler.m */,
				F7878206282D80F600490C8A /* ScoreKeeper.h */,
				F7878207282D80F600490C8A /* ScoreKeeper.m */,
				F7878200282CC5A700490C8A /* Question.h */,
				F7878201282CC5A700490C8A /* Question.m */,
				F771FD302831D0DD0069CECA /* AdditionQuestion.h */,
				F771FD312831D0DD0069CECA /* AdditionQuestion.m */,
				F771FD332831D0F30069CECA /* SubtractionQuestion.h */,
				F771FD342831D0F30069CECA /* SubtractionQuestion.m */,
				F771FD362831DE090069CECA /* DivisionQuestion.h */,
				F771FD392831DED30069CECA /* MultiplicationQuestion.h */,
				F771FD3A2831DED30069CECA /* MultiplicationQuestion.m */,
				F771FD372831DE090069CECA /* DivisionQuestion.m */,
				F787820C28316E5C00490C8A /* QuestionManager.h */,
				F787820D28316E5C00490C8A /* QuestionManager.m */,
			);
			path = Maths;
			sourceTree = "<group>";
		};
/* End PBXGroup section */

/* Begin PBXNativeTarget section */
		F78781F5282CA8EF00490C8A /* Maths */ = {
			isa = PBXNativeTarget;
			buildConfigurationList = F78781FD282CA8EF00490C8A /* Build configuration list for PBXNativeTarget "Maths" */;
			buildPhases = (
				F78781F2282CA8EF00490C8A /* Sources */,
				F78781F3282CA8EF00490C8A /* Frameworks */,
				F78781F4282CA8EF00490C8A /* CopyFiles */,
			);
			buildRules = (
			);
			dependencies = (
			);
			name = Maths;
			productName = Maths;
			productReference = F78781F6282CA8EF00490C8A /* Maths */;
			productType = "com.apple.product-type.tool";
		};
/* End PBXNativeTarget section */

/* Begin PBXProject section */
		F78781EE282CA8EF00490C8A /* Project object */ = {
			isa = PBXProject;
			attributes = {
				BuildIndependentTargetsInParallel = 1;
				LastUpgradeCheck = 1320;
				TargetAttributes = {
					F78781F5282CA8EF00490C8A = {
						CreatedOnToolsVersion = 13.2.1;
					};
				};
			};
			buildConfigurationList = F78781F1282CA8EF00490C8A /* Build configuration list for PBXProject "Maths" */;
			compatibilityVersion = "Xcode 13.0";
			developmentRegion = en;
			hasScannedForEncodings = 0;
			knownRegions = (
				en,
				Base,
			);
			mainGroup = F78781ED282CA8EF00490C8A;
			productRefGroup = F78781F7282CA8EF00490C8A /* Products */;
			projectDirPath = "";
			projectRoot = "";
			targets = (
				F78781F5282CA8EF00490C8A /* Maths */,
			);
		};
/* End PBXProject section */

/* Begin PBXSourcesBuildPhase section */
		F78781F2282CA8EF00490C8A /* Sources */ = {
			isa = PBXSourcesBuildPhase;
			buildActionMask = 2147483647;
			files = (
				F787820E28316E5C00490C8A /* QuestionManager.m in Sources */,
				F771FD322831D0DD0069CECA /* AdditionQuestion.m in Sources */,
				F771FD382831DE090069CECA /* DivisionQuestion.m in Sources */,
				F771FD352831D0F30069CECA /* SubtractionQuestion.m in Sources */,
				F7878208282D80F600490C8A /* ScoreKeeper.m in Sources */,
				F78781FA282CA8EF00490C8A /* main.m in Sources */,
				F771FD3B2831DED30069CECA /* MultiplicationQuestion.m in Sources */,
				F7878202282CC5A700490C8A /* Question.m in Sources */,
				F787820B282DD51900490C8A /* InputHandler.m in Sources */,
			);
			runOnlyForDeploymentPostprocessing = 0;
		};
/* End PBXSourcesBuildPhase section */

/* Begin XCBuildConfiguration section */
		F78781FB282CA8EF00490C8A /* Debug */ = {
			isa = XCBuildConfiguration;
			buildSettings = {
				ALWAYS_SEARCH_USER_PATHS = NO;
				CLANG_ANALYZER_NONNULL = YES;
				CLANG_ANALYZER_NUMBER_OBJECT_CONVERSION = YES_AGGRESSIVE;
				CLANG_CXX_LANGUAGE_STANDARD = "gnu++17";
				CLANG_CXX_LIBRARY = "libc++";
				CLANG_ENABLE_MODULES = YES;
				CLANG_ENABLE_OBJC_ARC = YES;
				CLANG_ENABLE_OBJC_WEAK = YES;
				CLANG_WARN_BLOCK_CAPTURE_AUTORELEASING = YES;
				CLANG_WARN_BOOL_CONVERSION = YES;
				CLANG_WARN_COMMA = YES;
				CLANG_WARN_CONSTANT_CONVERSION = YES;
				CLANG_WARN_DEPRECATED_OBJC_IMPLEMENTATIONS = YES;
				CLANG_WARN_DIRECT_OBJC_ISA_USAGE = YES_ERROR;
				CLANG_WARN_DOCUMENTATION_COMMENTS = YES;
				CLANG_WARN_EMPTY_BODY = YES;
				CLANG_WARN_ENUM_CONVERSION = YES;
				CLANG_WARN_INFINITE_RECURSION = YES;
				CLANG_WARN_INT_CONVERSION = YES;
				CLANG_WARN_NON_LITERAL_NULL_CONVERSION = YES;
				CLANG_WARN_OBJC_IMPLICIT_RETAIN_SELF = YES;
				CLANG_WARN_OBJC_LITERAL_CONVERSION = YES;
				CLANG_WARN_OBJC_ROOT_CLASS = YES_ERROR;
				CLANG_WARN_QUOTED_INCLUDE_IN_FRAMEWORK_HEADER = YES;
				CLANG_WARN_RANGE_LOOP_ANALYSIS = YES;
				CLANG_WARN_STRICT_PROTOTYPES = YES;
				CLANG_WARN_SUSPICIOUS_MOVE = YES;
				CLANG_WARN_UNGUARDED_AVAILABILITY = YES_AGGRESSIVE;
				CLANG_WARN_UNREACHABLE_CODE = YES;
				CLANG_WARN__DUPLICATE_METHOD_MATCH = YES;
				COPY_PHASE_STRIP = NO;
				DEBUG_INFORMATION_FORMAT = dwarf;
				ENABLE_STRICT_OBJC_MSGSEND = YES;
				ENABLE_TESTABILITY = YES;
				GCC_C_LANGUAGE_STANDARD = gnu11;
				GCC_DYNAMIC_NO_PIC = NO;
				GCC_NO_COMMON_BLOCKS = YES;
				GCC_OPTIMIZATION_LEVEL = 0;
				GCC_PREPROCESSOR_DEFINITIONS = (
					"DEBUG=1",
					"$(inherited)",
				);
				GCC_WARN_64_TO_32_BIT_CONVERSION = YES;
				GCC_WARN_ABOUT_RETURN_TYPE = YES_ERROR;
				GCC_WARN_UNDECLARED_SELECTOR = YES;
				GCC_WARN_UNINITIALIZED_AUTOS = YES_AGGRESSIVE;
				GCC_WARN_UNUSED_FUNCTION = YES;
				GCC_WARN_UNUSED_VARIABLE = YES;
				MACOSX_DEPLOYMENT_TARGET = 12.0;
				MTL_ENABLE_DEBUG_INFO = INCLUDE_SOURCE;
				MTL_FAST_MATH = YES;
				ONLY_ACTIVE_ARCH = YES;
				SDKROOT = macosx;
			};
			name = Debug;
		};
		F78781FC282CA8EF00490C8A /* Release */ = {
			isa = XCBuildConfiguration;
			buildSettings = {
				ALWAYS_SEARCH_USER_PATHS = NO;
				CLANG_ANALYZER_NONNULL = YES;
				CLANG_ANALYZER_NUMBER_OBJECT_CONVERSION = YES_AGGRESSIVE;
				CLANG_CXX_LANGUAGE_STANDARD = "gnu++17";
				CLANG_CXX_LIBRARY = "libc++";
				CLANG_ENABLE_MODULES = YES;
				CLANG_ENABLE_OBJC_ARC = YES;
				CLANG_ENABLE_OBJC_WEAK = YES;
				CLANG_WARN_BLOCK_CAPTURE_AUTORELEASING = YES;
				CLANG_WARN_BOOL_CONVERSION = YES;
				CLANG_WARN_COMMA = YES;
				CLANG_WARN_CONSTANT_CONVERSION = YES;
				CLANG_WARN_DEPRECATED_OBJC_IMPLEMENTATIONS = YES;
				CLANG_WARN_DIRECT_OBJC_ISA_USAGE = YES_ERROR;
				CLANG_WARN_DOCUMENTATION_COMMENTS = YES;
				CLANG_WARN_EMPTY_BODY = YES;
				CLANG_WARN_ENUM_CONVERSION = YES;
				CLANG_WARN_INFINITE_RECURSION = YES;
				CLANG_WARN_INT_CONVERSION = YES;
				CLANG_WARN_NON_LITERAL_NULL_CONVERSION = YES;
				CLANG_WARN_OBJC_IMPLICIT_RETAIN_SELF = YES;
				CLANG_WARN_OBJC_LITERAL_CONVERSION = YES;
				CLANG_WARN_OBJC_ROOT_CLASS = YES_ERROR;
				CLANG_WARN_QUOTED_INCLUDE_IN_FRAMEWORK_HEADER = YES;
				CLANG_WARN_RANGE_LOOP_ANALYSIS = YES;
				CLANG_WARN_STRICT_PROTOTYPES = YES;
				CLANG_WARN_SUSPICIOUS_MOVE = YES;
				CLANG_WARN_UNGUARDED_AVAILABILITY = YES_AGGRESSIVE;
				CLANG_WARN_UNREACHABLE_CODE = YES;
				CLANG_WARN__DUPLICATE_METHOD_MATCH = YES;
				COPY_PHASE_STRIP = NO;
				DEBUG_INFORMATION_FORMAT = "dwarf-with-dsym";
				ENABLE_NS_ASSERTIONS = NO;
				ENABLE_STRICT_OBJC_MSGSEND = YES;
				GCC_C_LANGUAGE_STANDARD = gnu11;
				GCC_NO_COMMON_BLOCKS = YES;
				GCC_WARN_64_TO_32_BIT_CONVERSION = YES;
				GCC_WARN_ABOUT_RETURN_TYPE = YES_ERROR;
				GCC_WARN_UNDECLARED_SELECTOR = YES;
				GCC_WARN_UNINITIALIZED_AUTOS = YES_AGGRESSIVE;
				GCC_WARN_UNUSED_FUNCTION = YES;
				GCC_WARN_UNUSED_VARIABLE = YES;
				MACOSX_DEPLOYMENT_TARGET = 12.0;
				MTL_ENABLE_DEBUG_INFO = NO;
				MTL_FAST_MATH = YES;
				SDKROOT = macosx;
			};
			name = Release;
		};
		F78781FE282CA8EF00490C8A /* Debug */ = {
			isa = XCBuildConfiguration;
			buildSettings = {
				CODE_SIGN_STYLE = Automatic;
				DEVELOPMENT_TEAM = 7P34S8968S;
				ENABLE_HARDENED_RUNTIME = YES;
				PRODUCT_NAME = "$(TARGET_NAME)";
			};
			name = Debug;
		};
		F78781FF282CA8EF00490C8A /* Release */ = {
			isa = XCBuildConfiguration;
			buildSettings = {
				CODE_SIGN_STYLE = Automatic;
				DEVELOPMENT_TEAM = 7P34S8968S;
				ENABLE_HARDENED_RUNTIME = YES;
				PRODUCT_NAME = "$(TARGET_NAME)";
			};
			name = Release;
		};
/* End XCBuildConfiguration section */

/* Begin XCConfigurationList section */
		F78781F1282CA8EF00490C8A /* Build configuration list for PBXProject "Maths" */ = {
			isa = XCConfigurationList;
			buildConfigurations = (
				F78781FB282CA8EF00490C8A /* Debug */,
				F78781FC282CA8EF00490C8A /* Release */,
			);
			defaultConfigurationIsVisible = 0;
			defaultConfigurationName = Release;
		};
		F78781FD282CA8EF00490C8A /* Build configuration list for PBXNativeTarget "Maths" */ = {
			isa = XCConfigurationList;
			buildConfigurations = (
				F78781FE282CA8EF00490C8A /* Debug */,
				F78781FF282CA8EF00490C8A /* Release */,
			);
			defaultConfigurationIsVisible = 0;
			defaultConfigurationName = Release;
		};
/* End XCConfigurationList section */
	};
	rootObject = F78781EE282CA8EF00490C8A /* Project object */;
}
